
Microsoft Visual Studio Solution File, Format Version 12.00
# Visual Studio Version 18
VisualStudioVersion = 18.5.11716.220 stable
MinimumVisualStudioVersion = 10.0.40219.1
Project("{FAE04EC0-301F-11D3-BF4B-00C04F79EFBC}") = "Task_corectev", "Task_corectev.csproj", "{BED03662-DEB6-6F84-6A2F-DDF358FFFED0}"
EndProject
Global
	GlobalSection(SolutionConfigurationPlatforms) = preSolution
		Debug|Any CPU = Debug|Any CPU
		Release|Any CPU = Release|Any CPU
	EndGlobalSection
	GlobalSection(ProjectConfigurationPlatforms) = postSolution
		{BED03662-DEB6-6F84-6A2F-DDF358FFFED0}.Debug|Any CPU.ActiveCfg = Debug|Any CPU
		{BED03662-DEB6-6F84-6A2F-DDF358FFFED0}.Debug|Any CPU.Build.0 = Debug|Any CPU
		{BED03662-DEB6-6F84-6A2F-DDF358FFFED0}.Release|Any CPU.ActiveCfg = Release|Any CPU
		{BED03662-DEB6-6F84-6A2F-DDF358FFFED0}.Release|Any CPU.Build.0 = Release|Any CPU
	EndGlobalSection
	GlobalSection(SolutionProperties) = preSolution
		HideSolutionNode = FALSE
	EndGlobalSection
	GlobalSection(ExtensibilityGlobals) = postSolution
		SolutionGuid = {A41B0FBC-E8B3-48DB-8E04-2D0814EB9AA3}
	EndGlobalSection
EndGlobal
